// !$*UTF8*$!
{
	archiveVersion = 1;
	classes = {
	};
	objectVersion = 77;
	objects = {

/* Begin PBXContainerItemProxy section */
		AB01ADCE2E874853004A25B9 /* PBXContainerItemProxy */ = {
			isa = PBXContainerItemProxy;
			containerPortal = AB01ADB82E874851004A25B9 /* Project object */;
			proxyType = 1;
			remoteGlobalIDString = AB01ADBF2E874851004A25B9;
			remoteInfo = TheSturgeWeberFoundation;
		};
		AB01ADD82E874853004A25B9 /* PBXContainerItemProxy */ = {
			isa = PBXContainerItemProxy;
			containerPortal = AB01ADB82E874851004A25B9 /* Project object */;
			proxyType = 1;
			remoteGlobalIDString = AB01ADBF2E874851004A25B9;
			remoteInfo = TheSturgeWeberFoundation;
		};
/* End PBXContainerItemProxy section */

/* Begin PBXFileReference section */
		AB01ADC02E874851004A25B9 /* TheSturgeWeberFoundation.app */ = {isa = PBXFileReference; explicitFileType = wrapper.application; includeInIndex = 0; path = TheSturgeWeberFoundation.app; sourceTree = BUILT_PRODUCTS_DIR; };
		AB01ADCD2E874853004A25B9 /* TheSturgeWeberFoundationTests.xctest */ = {isa = PBXFileReference; explicitFileType = wrapper.cfbundle; includeInIndex = 0; path = TheSturgeWeberFoundationTests.xctest; sourceTree = BUILT_PRODUCTS_DIR; };
		AB01ADD72E874853004A25B9 /* TheSturgeWeberFoundationUITests.xctest */ = {isa = PBXFileReference; explicitFileType = wrapper.cfbundle; includeInIndex = 0; path = TheSturgeWeberFoundationUITests.xctest; sourceTree = BUILT_PRODUCTS_DIR; };
/* End PBXFileReference section */

/* Begin PBXFileSystemSynchronizedRootGroup section */
		AB01ADC22E874851004A25B9 /* TheSturgeWeberFoundation */ = {
			isa = PBXFileSystemSynchronizedRootGroup;
			path = TheSturgeWeberFoundation;
			sourceTree = "<group>";
		};
		AB01ADD02E874853004A25B9 /* TheSturgeWeberFoundationTests */ = {
			isa = PBXFileSystemSynchronizedRootGroup;
			path = TheSturgeWeberFoundationTests;
			sourceTree = "<group>";
		};
		AB01ADDA2E874853004A25B9 /* TheSturgeWeberFoundationUITests */ = {
			isa = PBXFileSystemSynchronizedRootGroup;
			path = TheSturgeWeberFoundationUITests;
			sourceTree = "<group>";
		};
/* End PBXFileSystemSynchronizedRootGroup section */

/* Begin PBXFrameworksBuildPhase section */
		AB01ADBD2E874851004A25B9 /* Frameworks */ = {
			isa = PBXFrameworksBuildPhase;
			buildActionMask = 2147483647;
			files = (
			);
			runOnlyForDeploymentPostprocessing = 0;
		};
		AB01ADCA2E874853004A25B9 /* Frameworks */ = {
			isa = PBXFrameworksBuildPhase;
			buildActionMask = 2147483647;
			files = (
			);
			runOnlyForDeploymentPostprocessing = 0;
		};
		AB01ADD42E874853004A25B9 /* Frameworks */ = {
			isa = PBXFrameworksBuildPhase;
			buildActionMask = 2147483647;
			files = (
			);
			runOnlyForDeploymentPostprocessing = 0;
		};
/* End PBXFrameworksBuildPhase section */

/* Begin PBXGroup section */
		AB01ADB72E874851004A25B9 = {
			isa = PBXGroup;
			children = (
				AB01ADC22E874851004A25B9 /* TheSturgeWeberFoundation */,
				AB01ADD02E874853004A25B9 /* TheSturgeWeberFoundationTests */,
				AB01ADDA2E874853004A25B9 /* TheSturgeWeberFoundationUITests */,
				AB01ADC12E874851004A25B9 /* Products */,
			);
			sourceTree = "<group>";
		};
		AB01ADC12E874851004A25B9 /* Products */ = {
			isa = PBXGroup;
			children = (
				AB01ADC02E874851004A25B9 /* TheSturgeWeberFoundation.app */,
				AB01ADCD2E874853004A25B9 /* TheSturgeWeberFoundationTests.xctest */,
				AB01ADD72E874853004A25B9 /* TheSturgeWeberFoundationUITests.xctest */,
			);
			name = Products;
			sourceTree = "<group>";
		};
/* End PBXGroup section */

/* Begin PBXNativeTarget section */
		AB01ADBF2E874851004A25B9 /* TheSturgeWeberFoundation */ = {
			isa = PBXNativeTarget;
			buildConfigurationList = AB01ADE12E874853004A25B9 /* Build configuration list for PBXNativeTarget "TheSturgeWeberFoundation" */;
			buildPhases = (
				AB01ADBC2E874851004A25B9 /* Sources */,
				AB01ADBD2E874851004A25B9 /* Frameworks */,
				AB01ADBE2E874851004A25B9 /* Resources */,
			);
			buildRules = (
			);
			dependencies = (
			);
			fileSystemSynchronizedGroups = (
				AB01ADC22E874851004A25B9 /* TheSturgeWeberFoundation */,
			);
			name = TheSturgeWeberFoundation;
			packageProductDependencies = (
			);
			productName = TheSturgeWeberFoundation;
			productReference = AB01ADC02E874851004A25B9 /* TheSturgeWeberFoundation.app */;
			productType = "com.apple.product-type.application";
		};
		AB01ADCC2E874853004A25B9 /* TheSturgeWeberFoundationTests */ = {
			isa = PBXNativeTarget;
			buildConfigurationList = AB01ADE42E874853004A25B9 /* Build configuration list for PBXNativeTarget "TheSturgeWeberFoundationTests" */;
			buildPhases = (
				AB01ADC92E874853004A25B9 /* Sources */,
				AB01ADCA2E874853004A25B9 /* Frameworks */,
				AB01ADCB2E874853004A25B9 /* Resources */,
			);
			buildRules = (
			);
			dependencies = (
				AB01ADCF2E874853004A25B9 /* PBXTargetDependency */,
			);
			fileSystemSynchronizedGroups = (
				AB01ADD02E874853004A25B9 /* TheSturgeWeberFoundationTests */,
			);
			name = TheSturgeWeberFoundationTests;
			packageProductDependencies = (
			);
			productName = TheSturgeWeberFoundationTests;
			productReference = AB01ADCD2E874853004A25B9 /* TheSturgeWeberFoundationTests.xctest */;
			productType = "com.apple.product-type.bundle.unit-test";
		};
		AB01ADD62E874853004A25B9 /* TheSturgeWeberFoundationUITests */ = {
			isa = PBXNativeTarget;
			buildConfigurationList = AB01ADE72E874853004A25B9 /* Build configuration list for PBXNativeTarget "TheSturgeWeberFoundationUITests" */;
			buildPhases = (
				AB01ADD32E874853004A25B9 /* Sources */,
				AB01ADD42E874853004A25B9 /* Frameworks */,
				AB01ADD52E874853004A25B9 /* Resources */,
			);
			buildRules = (
			);
			dependencies = (
				AB01ADD92E874853004A25B9 /* PBXTargetDependency */,
			);
			fileSystemSynchronizedGroups = (
				AB01ADDA2E874853004A25B9 /* TheSturgeWeberFoundationUITests */,
			);
			name = TheSturgeWeberFoundationUITests;
			packageProductDependencies = (
			);
			productName = TheSturgeWeberFoundationUITests;
			productReference = AB01ADD72E874853004A25B9 /* TheSturgeWeberFoundationUITests.xctest */;
			productType = "com.apple.product-type.bundle.ui-testing";
		};
/* End PBXNativeTarget section */

/* Begin PBXProject section */
		AB01ADB82E874851004A25B9 /* Project object */ = {
			isa = PBXProject;
			attributes = {
				BuildIndependentTargetsInParallel = 1;
				LastSwiftUpdateCheck = 2600;
				LastUpgradeCheck = 2600;
				TargetAttributes = {
					AB01ADBF2E874851004A25B9 = {
						CreatedOnToolsVersion = 26.0.1;
					};
					AB01ADCC2E874853004A25B9 = {
						CreatedOnToolsVersion = 26.0.1;
						TestTargetID = AB01ADBF2E874851004A25B9;
					};
					AB01ADD62E874853004A25B9 = {
						CreatedOnToolsVersion = 26.0.1;
						TestTargetID = AB01ADBF2E874851004A25B9;
					};
				};
			};
			buildConfigurationList = AB01ADBB2E874851004A25B9 /* Build configuration list for PBXProject "TheSturgeWeberFoundation" */;
			developmentRegion = en;
			hasScannedForEncodings = 0;
			knownRegions = (
				en,
				Base,
			);
			mainGroup = AB01ADB72E874851004A25B9;
			minimizedProjectReferenceProxies = 1;
			preferredProjectObjectVersion = 77;
			productRefGroup = AB01ADC12E874851004A25B9 /* Products */;
			projectDirPath = "";
			projectRoot = "";
			targets = (
				AB01ADBF2E874851004A25B9 /* TheSturgeWeberFoundation */,
				AB01ADCC2E874853004A25B9 /* TheSturgeWeberFoundationTests */,
				AB01ADD62E874853004A25B9 /* TheSturgeWeberFoundationUITests */,
			);
		};
/* End PBXProject section */

/* Begin PBXResourcesBuildPhase section */
		AB01ADBE2E874851004A25B9 /* Resources */ = {
			isa = PBXResourcesBuildPhase;
			buildActionMask = 2147483647;
			files = (
			);
			runOnlyForDeploymentPostprocessing = 0;
		};
		AB01ADCB2E874853004A25B9 /* Resources */ = {
			isa = PBXResourcesBuildPhase;
			buildActionMask = 2147483647;
			files = (
			);
			runOnlyForDeploymentPostprocessing = 0;
		};
		AB01ADD52E874853004A25B9 /* Resources */ = {
			isa = PBXResourcesBuildPhase;
			buildActionMask = 2147483647;
			files = (
			);
			runOnlyForDeploymentPostprocessing = 0;
		};
/* End PBXResourcesBuildPhase section */

/* Begin PBXSourcesBuildPhase section */
		AB01ADBC2E874851004A25B9 /* Sources */ = {
			isa = PBXSourcesBuildPhase;
			buildActionMask = 2147483647;
			files = (
			);
			runOnlyForDeploymentPostprocessing = 0;
		};
		AB01ADC92E874853004A25B9 /* Sources */ = {
			isa = PBXSourcesBuildPhase;
			buildActionMask = 2147483647;
			files = (
			);
			runOnlyForDeploymentPostprocessing = 0;
		};
		AB01ADD32E874853004A25B9 /* Sources */ = {
			isa = PBXSourcesBuildPhase;
			buildActionMask = 2147483647;
			files = (
			);
			runOnlyForDeploymentPostprocessing = 0;
		};
/* End PBXSourcesBuildPhase section */

/* Begin PBXTargetDependency section */
		AB01ADCF2E874853004A25B9 /* PBXTargetDependency */ = {
			isa = PBXTargetDependency;
			target = AB01ADBF2E874851004A25B9 /* TheSturgeWeberFoundation */;
			targetProxy = AB01ADCE2E874853004A25B9 /* PBXContainerItemProxy */;
		};
		AB01ADD92E874853004A25B9 /* PBXTargetDependency */ = {
			isa = PBXTargetDependency;
			target = AB01ADBF2E874851004A25B9 /* TheSturgeWeberFoundation */;
			targetProxy = AB01ADD82E874853004A25B9 /* PBXContainerItemProxy */;
		};
/* End PBXTargetDependency section */

/* Begin XCBuildConfiguration section */
		AB01ADDF2E874853004A25B9 /* Debug */ = {
			isa = XCBuildConfiguration;
			buildSettings = {
				ALWAYS_SEARCH_USER_PATHS = NO;
				ASSETCATALOG_COMPILER_GENERATE_SWIFT_ASSET_SYMBOL_EXTENSIONS = YES;
				CLANG_ANALYZER_NONNULL = YES;
				CLANG_ANALYZER_NUMBER_OBJECT_CONVERSION = YES_AGGRESSIVE;
				CLANG_CXX_LANGUAGE_STANDARD = "gnu++20";
				CLANG_ENABLE_MODULES = YES;
				CLANG_ENABLE_OBJC_ARC = YES;
				CLANG_ENABLE_OBJC_WEAK = YES;
				CLANG_WARN_BLOCK_CAPTURE_AUTORELEASING = YES;
				CLANG_WARN_BOOL_CONVERSION = YES;
				CLANG_WARN_COMMA = YES;
				CLANG_WARN_CONSTANT_CONVERSION = YES;
				CLANG_WARN_DEPRECATED_OBJC_IMPLEMENTATIONS = YES;
				CLANG_WARN_DIRECT_OBJC_ISA_USAGE = YES_ERROR;
				CLANG_WARN_DOCUMENTATION_COMMENTS = YES;
				CLANG_WARN_EMPTY_BODY = YES;
				CLANG_WARN_ENUM_CONVERSION = YES;
				CLANG_WARN_INFINITE_RECURSION = YES;
				CLANG_WARN_INT_CONVERSION = YES;
				CLANG_WARN_NON_LITERAL_NULL_CONVERSION = YES;
				CLANG_WARN_OBJC_IMPLICIT_RETAIN_SELF = YES;
				CLANG_WARN_OBJC_LITERAL_CONVERSION = YES;
				CLANG_WARN_OBJC_ROOT_CLASS = YES_ERROR;
				CLANG_WARN_QUOTED_INCLUDE_IN_FRAMEWORK_HEADER = YES;
				CLANG_WARN_RANGE_LOOP_ANALYSIS = YES;
				CLANG_WARN_STRICT_PROTOTYPES = YES;
				CLANG_WARN_SUSPICIOUS_MOVE = YES;
				CLANG_WARN_UNGUARDED_AVAILABILITY = YES_AGGRESSIVE;
				CLANG_WARN_UNREACHABLE_CODE = YES;
				CLANG_WARN__DUPLICATE_METHOD_MATCH = YES;
				COPY_PHASE_STRIP = NO;
				DEBUG_INFORMATION_FORMAT = dwarf;
				ENABLE_STRICT_OBJC_MSGSEND = YES;
				ENABLE_TESTABILITY = YES;
				ENABLE_USER_SCRIPT_SANDBOXING = YES;
				GCC_C_LANGUAGE_STANDARD = gnu17;
				GCC_DYNAMIC_NO_PIC = NO;
				GCC_NO_COMMON_BLOCKS = YES;
				GCC_OPTIMIZATION_LEVEL = 0;
				GCC_PREPROCESSOR_DEFINITIONS = (
					"DEBUG=1",
					"$(inherited)",
				);
				GCC_WARN_64_TO_32_BIT_CONVERSION = YES;
				GCC_WARN_ABOUT_RETURN_TYPE = YES_ERROR;
				GCC_WARN_UNDECLARED_SELECTOR = YES;
				GCC_WARN_UNINITIALIZED_AUTOS = YES_AGGRESSIVE;
				GCC_WARN_UNUSED_FUNCTION = YES;
				GCC_WARN_UNUSED_VARIABLE = YES;
				IPHONEOS_DEPLOYMENT_TARGET = 26.0;
				LOCALIZATION_PREFERS_STRING_CATALOGS = YES;
				MTL_ENABLE_DEBUG_INFO = INCLUDE_SOURCE;
				MTL_FAST_MATH = YES;
				ONLY_ACTIVE_ARCH = YES;
				SDKROOT = iphoneos;
				SWIFT_ACTIVE_COMPILATION_CONDITIONS = "DEBUG $(inherited)";
				SWIFT_OPTIMIZATION_LEVEL = "-Onone";
			};
			name = Debug;
		};
		AB01ADE02E874853004A25B9 /* Release */ = {
			isa = XCBuildConfiguration;
			buildSettings = {
				ALWAYS_SEARCH_USER_PATHS = NO;
				ASSETCATALOG_COMPILER_GENERATE_SWIFT_ASSET_SYMBOL_EXTENSIONS = YES;
				CLANG_ANALYZER_NONNULL = YES;
				CLANG_ANALYZER_NUMBER_OBJECT_CONVERSION = YES_AGGRESSIVE;
				CLANG_CXX_LANGUAGE_STANDARD = "gnu++20";
				CLANG_ENABLE_MODULES = YES;
				CLANG_ENABLE_OBJC_ARC = YES;
				CLANG_ENABLE_OBJC_WEAK = YES;
				CLANG_WARN_BLOCK_CAPTURE_AUTORELEASING = YES;
				CLANG_WARN_BOOL_CONVERSION = YES;
				CLANG_WARN_COMMA = YES;
				CLANG_WARN_CONSTANT_CONVERSION = YES;
				CLANG_WARN_DEPRECATED_OBJC_IMPLEMENTATIONS = YES;
				CLANG_WARN_DIRECT_OBJC_ISA_USAGE = YES_ERROR;
				CLANG_WARN_DOCUMENTATION_COMMENTS = YES;
				CLANG_WARN_EMPTY_BODY = YES;
				CLANG_WARN_ENUM_CONVERSION = YES;
				CLANG_WARN_INFINITE_RECURSION = YES;
				CLANG_WARN_INT_CONVERSION = YES;
				CLANG_WARN_NON_LITERAL_NULL_CONVERSION = YES;
				CLANG_WARN_OBJC_IMPLICIT_RETAIN_SELF = YES;
				CLANG_WARN_OBJC_LITERAL_CONVERSION = YES;
				CLANG_WARN_OBJC_ROOT_CLASS = YES_ERROR;
				CLANG_WARN_QUOTED_INCLUDE_IN_FRAMEWORK_HEADER = YES;
				CLANG_WARN_RANGE_LOOP_ANALYSIS = YES;
				CLANG_WARN_STRICT_PROTOTYPES = YES;
				CLANG_WARN_SUSPICIOUS_MOVE = YES;
				CLANG_WARN_UNGUARDED_AVAILABILITY = YES_AGGRESSIVE;
				CLANG_WARN_UNREACHABLE_CODE = YES;
				CLANG_WARN__DUPLICATE_METHOD_MATCH = YES;
				COPY_PHASE_STRIP = NO;
				DEBUG_INFORMATION_FORMAT = "dwarf-with-dsym";
				ENABLE_NS_ASSERTIONS = NO;
				ENABLE_STRICT_OBJC_MSGSEND = YES;
				ENABLE_USER_SCRIPT_SANDBOXING = YES;
				GCC_C_LANGUAGE_STANDARD = gnu17;
				GCC_NO_COMMON_BLOCKS = YES;
				GCC_WARN_64_TO_32_BIT_CONVERSION = YES;
				GCC_WARN_ABOUT_RETURN_TYPE = YES_ERROR;
				GCC_WARN_UNDECLARED_SELECTOR = YES;
				GCC_WARN_UNINITIALIZED_AUTOS = YES_AGGRESSIVE;
				GCC_WARN_UNUSED_FUNCTION = YES;
				GCC_WARN_UNUSED_VARIABLE = YES;
				IPHONEOS_DEPLOYMENT_TARGET = 26.0;
				LOCALIZATION_PREFERS_STRING_CATALOGS = YES;
				MTL_ENABLE_DEBUG_INFO = NO;
				MTL_FAST_MATH = YES;
				SDKROOT = iphoneos;
				SWIFT_COMPILATION_MODE = wholemodule;
				VALIDATE_PRODUCT = YES;
			};
			name = Release;
		};
		AB01ADE22E874853004A25B9 /* Debug */ = {
			isa = XCBuildConfiguration;
			buildSettings = {
				ASSETCATALOG_COMPILER_APPICON_NAME = AppIcon;
				ASSETCATALOG_COMPILER_GLOBAL_ACCENT_COLOR_NAME = AccentColor;
				CODE_SIGN_STYLE = Automatic;
				CURRENT_PROJECT_VERSION = 1;
				ENABLE_PREVIEWS = YES;
				GENERATE_INFOPLIST_FILE = YES;
				INFOPLIST_KEY_UIApplicationSceneManifest_Generation = YES;
				INFOPLIST_KEY_UIApplicationSupportsIndirectInputEvents = YES;
				INFOPLIST_KEY_UILaunchScreen_Generation = YES;
				INFOPLIST_KEY_UISupportedInterfaceOrientations_iPad = "UIInterfaceOrientationPortrait UIInterfaceOrientationPortraitUpsideDown UIInterfaceOrientationLandscapeLeft UIInterfaceOrientationLandscapeRight";
				INFOPLIST_KEY_UISupportedInterfaceOrientations_iPhone = "UIInterfaceOrientationPortrait UIInterfaceOrientationLandscapeLeft UIInterfaceOrientationLandscapeRight";
				LD_RUNPATH_SEARCH_PATHS = (
					"$(inherited)",
					"@executable_path/Frameworks",
				);
				MARKETING_VERSION = 1.0;
				PRODUCT_BUNDLE_IDENTIFIER = com.anannyareddygade.TheSturgeWeberFoundation;
				PRODUCT_NAME = "$(TARGET_NAME)";
				STRING_CATALOG_GENERATE_SYMBOLS = YES;
				SWIFT_APPROACHABLE_CONCURRENCY = YES;
				SWIFT_DEFAULT_ACTOR_ISOLATION = MainActor;
				SWIFT_EMIT_LOC_STRINGS = YES;
				SWIFT_UPCOMING_FEATURE_MEMBER_IMPORT_VISIBILITY = YES;
				SWIFT_VERSION = 5.0;
				TARGETED_DEVICE_FAMILY = "1,2";
			};
			name = Debug;
		};
		AB01ADE32E874853004A25B9 /* Release */ = {
			isa = XCBuildConfiguration;
			buildSettings = {
				ASSETCATALOG_COMPILER_APPICON_NAME = AppIcon;
				ASSETCATALOG_COMPILER_GLOBAL_ACCENT_COLOR_NAME = AccentColor;
				CODE_SIGN_STYLE = Automatic;
				CURRENT_PROJECT_VERSION = 1;
				ENABLE_PREVIEWS = YES;
				GENERATE_INFOPLIST_FILE = YES;
				INFOPLIST_KEY_UIApplicationSceneManifest_Generation = YES;
				INFOPLIST_KEY_UIApplicationSupportsIndirectInputEvents = YES;
				INFOPLIST_KEY_UILaunchScreen_Generation = YES;
				INFOPLIST_KEY_UISupportedInterfaceOrientations_iPad = "UIInterfaceOrientationPortrait UIInterfaceOrientationPortraitUpsideDown UIInterfaceOrientationLandscapeLeft UIInterfaceOrientationLandscapeRight";
				INFOPLIST_KEY_UISupportedInterfaceOrientations_iPhone = "UIInterfaceOrientationPortrait UIInterfaceOrientationLandscapeLeft UIInterfaceOrientationLandscapeRight";
				LD_RUNPATH_SEARCH_PATHS = (
					"$(inherited)",
					"@executable_path/Frameworks",
				);
				MARKETING_VERSION = 1.0;
				PRODUCT_BUNDLE_IDENTIFIER = com.anannyareddygade.TheSturgeWeberFoundation;
				PRODUCT_NAME = "$(TARGET_NAME)";
				STRING_CATALOG_GENERATE_SYMBOLS = YES;
				SWIFT_APPROACHABLE_CONCURRENCY = YES;
				SWIFT_DEFAULT_ACTOR_ISOLATION = MainActor;
				SWIFT_EMIT_LOC_STRINGS = YES;
				SWIFT_UPCOMING_FEATURE_MEMBER_IMPORT_VISIBILITY = YES;
				SWIFT_VERSION = 5.0;
				TARGETED_DEVICE_FAMILY = "1,2";
			};
			name = Release;
		};
		AB01ADE52E874853004A25B9 /* Debug */ = {
			isa = XCBuildConfiguration;
			buildSettings = {
				BUNDLE_LOADER = "$(TEST_HOST)";
				CODE_SIGN_STYLE = Automatic;
				CURRENT_PROJECT_VERSION = 1;
				GENERATE_INFOPLIST_FILE = YES;
				IPHONEOS_DEPLOYMENT_TARGET = 26.0;
				MARKETING_VERSION = 1.0;
				PRODUCT_BUNDLE_IDENTIFIER = com.anannyareddygade.TheSturgeWeberFoundationTests;
				PRODUCT_NAME = "$(TARGET_NAME)";
				STRING_CATALOG_GENERATE_SYMBOLS = NO;
				SWIFT_APPROACHABLE_CONCURRENCY = YES;
				SWIFT_EMIT_LOC_STRINGS = NO;
				SWIFT_UPCOMING_FEATURE_MEMBER_IMPORT_VISIBILITY = YES;
				SWIFT_VERSION = 5.0;
				TARGETED_DEVICE_FAMILY = "1,2";
				TEST_HOST = "$(BUILT_PRODUCTS_DIR)/TheSturgeWeberFoundation.app/$(BUNDLE_EXECUTABLE_FOLDER_PATH)/TheSturgeWeberFoundation";
			};
			name = Debug;
		};
		AB01ADE62E874853004A25B9 /* Release */ = {
			isa = XCBuildConfiguration;
			buildSettings = {
				BUNDLE_LOADER = "$(TEST_HOST)";
				CODE_SIGN_STYLE = Automatic;
				CURRENT_PROJECT_VERSION = 1;
				GENERATE_INFOPLIST_FILE = YES;
				IPHONEOS_DEPLOYMENT_TARGET = 26.0;
				MARKETING_VERSION = 1.0;
				PRODUCT_BUNDLE_IDENTIFIER = com.anannyareddygade.TheSturgeWeberFoundationTests;
				PRODUCT_NAME = "$(TARGET_NAME)";
				STRING_CATALOG_GENERATE_SYMBOLS = NO;
				SWIFT_APPROACHABLE_CONCURRENCY = YES;
				SWIFT_EMIT_LOC_STRINGS = NO;
				SWIFT_UPCOMING_FEATURE_MEMBER_IMPORT_VISIBILITY = YES;
				SWIFT_VERSION = 5.0;
				TARGETED_DEVICE_FAMILY = "1,2";
				TEST_HOST = "$(BUILT_PRODUCTS_DIR)/TheSturgeWeberFoundation.app/$(BUNDLE_EXECUTABLE_FOLDER_PATH)/TheSturgeWeberFoundation";
			};
			name = Release;
		};
		AB01ADE82E874853004A25B9 /* Debug */ = {
			isa = XCBuildConfiguration;
			buildSettings = {
				CODE_SIGN_STYLE = Automatic;
				CURRENT_PROJECT_VERSION = 1;
				GENERATE_INFOPLIST_FILE = YES;
				MARKETING_VERSION = 1.0;
				PRODUCT_BUNDLE_IDENTIFIER = com.anannyareddygade.TheSturgeWeberFoundationUITests;
				PRODUCT_NAME = "$(TARGET_NAME)";
				STRING_CATALOG_GENERATE_SYMBOLS = NO;
				SWIFT_APPROACHABLE_CONCURRENCY = YES;
				SWIFT_EMIT_LOC_STRINGS = NO;
				SWIFT_UPCOMING_FEATURE_MEMBER_IMPORT_VISIBILITY = YES;
				SWIFT_VERSION = 5.0;
				TARGETED_DEVICE_FAMILY = "1,2";
				TEST_TARGET_NAME = TheSturgeWeberFoundation;
			};
			name = Debug;
		};
		AB01ADE92E874853004A25B9 /* Release */ = {
			isa = XCBuildConfiguration;
			buildSettings = {
				CODE_SIGN_STYLE = Automatic;
				CURRENT_PROJECT_VERSION = 1;
				GENERATE_INFOPLIST_FILE = YES;
				MARKETING_VERSION = 1.0;
				PRODUCT_BUNDLE_IDENTIFIER = com.anannyareddygade.TheSturgeWeberFoundationUITests;
				PRODUCT_NAME = "$(TARGET_NAME)";
				STRING_CATALOG_GENERATE_SYMBOLS = NO;
				SWIFT_APPROACHABLE_CONCURRENCY = YES;
				SWIFT_EMIT_LOC_STRINGS = NO;
				SWIFT_UPCOMING_FEATURE_MEMBER_IMPORT_VISIBILITY = YES;
				SWIFT_VERSION = 5.0;
				TARGETED_DEVICE_FAMILY = "1,2";
				TEST_TARGET_NAME = TheSturgeWeberFoundation;
			};
			name = Release;
		};
/* End XCBuildConfiguration section */

/* Begin XCConfigurationList section */
		AB01ADBB2E874851004A25B9 /* Build configuration list for PBXProject "TheSturgeWeberFoundation" */ = {
			isa = XCConfigurationList;
			buildConfigurations = (
				AB01ADDF2E874853004A25B9 /* Debug */,
				AB01ADE02E874853004A25B9 /* Release */,
			);
			defaultConfigurationIsVisible = 0;
			defaultConfigurationName = Release;
		};
		AB01ADE12E874853004A25B9 /* Build configuration list for PBXNativeTarget "TheSturgeWeberFoundation" */ = {
			isa = XCConfigurationList;
			buildConfigurations = (
				AB01ADE22E874853004A25B9 /* Debug */,
				AB01ADE32E874853004A25B9 /* Release */,
			);
			defaultConfigurationIsVisible = 0;
			defaultConfigurationName = Release;
		};
		AB01ADE42E874853004A25B9 /* Build configuration list for PBXNativeTarget "TheSturgeWeberFoundationTests" */ = {
			isa = XCConfigurationList;
			buildConfigurations = (
				AB01ADE52E874853004A25B9 /* Debug */,
				AB01ADE62E874853004A25B9 /* Release */,
			);
			defaultConfigurationIsVisible = 0;
			defaultConfigurationName = Release;
		};
		AB01ADE72E874853004A25B9 /* Build configuration list for PBXNativeTarget "TheSturgeWeberFoundationUITests" */ = {
			isa = XCConfigurationList;
			buildConfigurations = (
				AB01ADE82E874853004A25B9 /* Debug */,
				AB01ADE92E874853004A25B9 /* Release */,
			);
			defaultConfigurationIsVisible = 0;
			defaultConfigurationName = Release;
		};
/* End XCConfigurationList section */
	};
	rootObject = AB01ADB82E874851004A25B9 /* Project object */;
}
